
Microsoft Visual Studio Solution File, Format Version 12.00
# Visual Studio Version 16
VisualStudioVersion = 25.0.1703.5
MinimumVisualStudioVersion = 10.0.40219.1
Project("{FAE04EC0-301F-11D3-BF4B-00C04F79EFBC}") = "KochSnowflake", "KochSnowflake\KochSnowflake.csproj", "{1D82F977-CB8E-4797-9637-A65529B74252}"
EndProject
Project("{FAE04EC0-301F-11D3-BF4B-00C04F79EFBC}") = "DesktopSamples.Models", "DesktopSamples.Models\DesktopSamples.Models.csproj", "{83FFEA21-33BE-4C1F-B734-0CFC41FEC3A2}"
EndProject
Global
	GlobalSection(SolutionConfigurationPlatforms) = preSolution
		Debug|Any CPU = Debug|Any CPU
		Release|Any CPU = Release|Any CPU
	EndGlobalSection
	GlobalSection(ProjectConfigurationPlatforms) = postSolution
		{1D82F977-CB8E-4797-9637-A65529B74252}.Debug|Any CPU.ActiveCfg = Debug|Any CPU
		{1D82F977-CB8E-4797-9637-A65529B74252}.Debug|Any CPU.Build.0 = Debug|Any CPU
		{1D82F977-CB8E-4797-9637-A65529B74252}.Release|Any CPU.ActiveCfg = Release|Any CPU
		{1D82F977-CB8E-4797-9637-A65529B74252}.Release|Any CPU.Build.0 = Release|Any CPU
		{83FFEA21-33BE-4C1F-B734-0CFC41FEC3A2}.Debug|Any CPU.ActiveCfg = Debug|Any CPU
		{83FFEA21-33BE-4C1F-B734-0CFC41FEC3A2}.Debug|Any CPU.Build.0 = Debug|Any CPU
		{83FFEA21-33BE-4C1F-B734-0CFC41FEC3A2}.Release|Any CPU.ActiveCfg = Release|Any CPU
		{83FFEA21-33BE-4C1F-B734-0CFC41FEC3A2}.Release|Any CPU.Build.0 = Release|Any CPU
	EndGlobalSection
	GlobalSection(SolutionProperties) = preSolution
		HideSolutionNode = FALSE
	EndGlobalSection
	GlobalSection(ExtensibilityGlobals) = postSolution
		SolutionGuid = {80C616B6-EA35-4E30-A052-2D1667C7A4BD}
	EndGlobalSection
EndGlobal
